
Microsoft Visual Studio Solution File, Format Version 12.00
# Visual Studio Version 16
VisualStudioVersion = 16.0.28803.352
MinimumVisualStudioVersion = 10.0.40219.1
Project("{FAE04EC0-301F-11D3-BF4B-00C04F79EFBC}") = "WebApplication2", "WebApplication2\WebApplication2.csproj", "{CFD93C19-CD62-4BB1-B585-A37481DD5C60}"
EndProject
Global
	GlobalSection(SolutionConfigurationPlatforms) = preSolution
		Debug|Any CPU = Debug|Any CPU
		Release|Any CPU = Release|Any CPU
	EndGlobalSection
	GlobalSection(ProjectConfigurationPlatforms) = postSolution
		{CFD93C19-CD62-4BB1-B585-A37481DD5C60}.Debug|Any CPU.ActiveCfg = Debug|Any CPU
		{CFD93C19-CD62-4BB1-B585-A37481DD5C60}.Debug|Any CPU.Build.0 = Debug|Any CPU
		{CFD93C19-CD62-4BB1-B585-A37481DD5C60}.Release|Any CPU.ActiveCfg = Release|Any CPU
		{CFD93C19-CD62-4BB1-B585-A37481DD5C60}.Release|Any CPU.Build.0 = Release|Any CPU
	EndGlobalSection
	GlobalSection(SolutionProperties) = preSolution
		HideSolutionNode = FALSE
	EndGlobalSection
	GlobalSection(ExtensibilityGlobals) = postSolution
		SolutionGuid = {ACCDBB6C-0E96-4FDD-A4F6-1CD9C05BD4B7}
	EndGlobalSection
EndGlobal
