
Microsoft Visual Studio Solution File, Format Version 12.00
# Visual Studio Version 16
VisualStudioVersion = 16.0.28803.352
MinimumVisualStudioVersion = 10.0.40219.1
Project("{FAE04EC0-301F-11D3-BF4B-00C04F79EFBC}") = "WebApplication4", "WebApplication4\WebApplication4.csproj", "{41EB856E-6272-4841-BF09-CBDB2B916E96}"
EndProject
Project("{FAE04EC0-301F-11D3-BF4B-00C04F79EFBC}") = "WebApplication4.Tests", "WebApplication4.Tests\WebApplication4.Tests.csproj", "{CA61E889-2401-4B0E-8275-BD87B8AEE744}"
EndProject
Global
	GlobalSection(SolutionConfigurationPlatforms) = preSolution
		Debug|Any CPU = Debug|Any CPU
		Release|Any CPU = Release|Any CPU
	EndGlobalSection
	GlobalSection(ProjectConfigurationPlatforms) = postSolution
		{41EB856E-6272-4841-BF09-CBDB2B916E96}.Debug|Any CPU.ActiveCfg = Debug|Any CPU
		{41EB856E-6272-4841-BF09-CBDB2B916E96}.Debug|Any CPU.Build.0 = Debug|Any CPU
		{41EB856E-6272-4841-BF09-CBDB2B916E96}.Release|Any CPU.ActiveCfg = Release|Any CPU
		{41EB856E-6272-4841-BF09-CBDB2B916E96}.Release|Any CPU.Build.0 = Release|Any CPU
		{CA61E889-2401-4B0E-8275-BD87B8AEE744}.Debug|Any CPU.ActiveCfg = Debug|Any CPU
		{CA61E889-2401-4B0E-8275-BD87B8AEE744}.Debug|Any CPU.Build.0 = Debug|Any CPU
		{CA61E889-2401-4B0E-8275-BD87B8AEE744}.Release|Any CPU.ActiveCfg = Release|Any CPU
		{CA61E889-2401-4B0E-8275-BD87B8AEE744}.Release|Any CPU.Build.0 = Release|Any CPU
	EndGlobalSection
	GlobalSection(SolutionProperties) = preSolution
		HideSolutionNode = FALSE
	EndGlobalSection
	GlobalSection(ExtensibilityGlobals) = postSolution
		SolutionGuid = {5ACD626E-32BE-479A-A909-3B2F1D12C92A}
	EndGlobalSection
EndGlobal
